{
  "name": "Portfolio-robin-hunter",
  "lockfileVersion": 3,
  "requires": true,
  "packages": {
    "": {
      "dependencies": {
        "swup": "^4.3.4"
      }
    },
    "node_modules/delegate-it": {
      "version": "6.0.1",
      "resolved": "https://registry.npmjs.org/delegate-it/-/delegate-it-6.0.1.tgz",
      "integrity": "sha512-ZS2hRm/SaoPzaeWcWyYjzVVF4/PgALZqma9FXsunFt4XQGVAtQ79Vx7v57vNQNaI75Rl12C+x6TkLqHS5PNKLg==",
      "dependencies": {
        "typed-query-selector": "^2.10.0"
      },
      "funding": {
        "url": "https://github.com/sponsors/fregante"
      }
    },
    "node_modules/opencollective-postinstall": {
      "version": "2.0.3",
      "resolved": "https://registry.npmjs.org/opencollective-postinstall/-/opencollective-postinstall-2.0.3.tgz",
      "integrity": "sha512-8AV/sCtuzUeTo8gQK5qDZzARrulB3egtLzFgteqB2tcT4Mw7B8Kt7JcDHmltjz6FOAHsvTevk70gZEbhM4ZS9Q==",
      "bin": {
        "opencollective-postinstall": "index.js"
      }
    },
    "node_modules/path-to-regexp": {
      "version": "6.2.1",
      "resolved": "https://registry.npmjs.org/path-to-regexp/-/path-to-regexp-6.2.1.tgz",
      "integrity": "sha512-JLyh7xT1kizaEvcaXOQwOc2/Yhw6KZOvPf1S8401UyLk86CU79LN3vl7ztXGm/pZ+YjoyAJ4rxmHwbkBXJX+yw=="
    },
    "node_modules/swup": {
      "version": "4.3.4",
      "resolved": "https://registry.npmjs.org/swup/-/swup-4.3.4.tgz",
      "integrity": "sha512-cAdTgS1aNGlwLeqO2nwnTv1aTtH8HvNqWweoNvHanyQon7qMZI3JvZHTxCn42S7K2QjSppEgLdfFL0J7iH0EKw==",
      "hasInstallScript": true,
      "dependencies": {
        "delegate-it": "^6.0.0",
        "opencollective-postinstall": "^2.0.2",
        "path-to-regexp": "^6.2.1"
      }
    },
    "node_modules/typed-query-selector": {
      "version": "2.11.0",
      "resolved": "https://registry.npmjs.org/typed-query-selector/-/typed-query-selector-2.11.0.tgz",
      "integrity": "sha512-qBs4sfmnLlPOyo2oSdvHbIFHe2CPgU54/1UGfSNceb7LARpIEVxUaeRX0Doje6oKpuySS2stqy90R3YrynR8Kg=="
    }
  }
}
